
Microsoft Visual Studio Solution File, Format Version 12.00
# Visual Studio Version 17
VisualStudioVersion = 17.14.36518.9
MinimumVisualStudioVersion = 10.0.40219.1
Project("{FAE04EC0-301F-11D3-BF4B-00C04F79EFBC}") = "SmartWasteMonitoringSystem", "SmartWasteMonitoringSystem\SmartWasteMonitoringSystem.csproj", "{B43B69AE-B4FE-4394-97F6-8474FF5B75D9}"
EndProject
Project("{FAE04EC0-301F-11D3-BF4B-00C04F79EFBC}") = "SmartWasteMonitoringSystem.Tests", "SmartWasteMonitoringSystem.Tests\SmartWasteMonitoringSystem.Tests.csproj", "{59023C80-E384-4E5A-BDA8-C2D4827E6215}"
EndProject
Global
	GlobalSection(SolutionConfigurationPlatforms) = preSolution
		Debug|Any CPU = Debug|Any CPU
		Release|Any CPU = Release|Any CPU
	EndGlobalSection
	GlobalSection(ProjectConfigurationPlatforms) = postSolution
		{B43B69AE-B4FE-4394-97F6-8474FF5B75D9}.Debug|Any CPU.ActiveCfg = Debug|Any CPU
		{B43B69AE-B4FE-4394-97F6-8474FF5B75D9}.Debug|Any CPU.Build.0 = Debug|Any CPU
		{B43B69AE-B4FE-4394-97F6-8474FF5B75D9}.Debug|Any CPU.Deploy.0 = Debug|Any CPU
		{B43B69AE-B4FE-4394-97F6-8474FF5B75D9}.Release|Any CPU.ActiveCfg = Release|Any CPU
		{B43B69AE-B4FE-4394-97F6-8474FF5B75D9}.Release|Any CPU.Build.0 = Release|Any CPU
		{59023C80-E384-4E5A-BDA8-C2D4827E6215}.Debug|Any CPU.ActiveCfg = Debug|Any CPU
		{59023C80-E384-4E5A-BDA8-C2D4827E6215}.Debug|Any CPU.Build.0 = Debug|Any CPU
		{59023C80-E384-4E5A-BDA8-C2D4827E6215}.Release|Any CPU.ActiveCfg = Release|Any CPU
		{59023C80-E384-4E5A-BDA8-C2D4827E6215}.Release|Any CPU.Build.0 = Release|Any CPU
	EndGlobalSection
	GlobalSection(SolutionProperties) = preSolution
		HideSolutionNode = FALSE
	EndGlobalSection
	GlobalSection(ExtensibilityGlobals) = postSolution
		SolutionGuid = {54B9BE8E-08BE-4837-87A7-E90E73374461}
	EndGlobalSection
EndGlobal
